// !$*UTF8*$!
{
	archiveVersion = 1;
	classes = {
	};
	objectVersion = 50;
	objects = {

/* Begin PBXBuildFile section */
		F3192CC6218BB13000AA0C56 /* AppDelegate.swift in Sources */ = {isa = PBXBuildFile; fileRef = F3192CC5218BB13000AA0C56 /* AppDelegate.swift */; };
		F3192CC8218BB13000AA0C56 /* ViewController.swift in Sources */ = {isa = PBXBuildFile; fileRef = F3192CC7218BB13000AA0C56 /* ViewController.swift */; };
		F3192CCB218BB13000AA0C56 /* Main.storyboard in Resources */ = {isa = PBXBuildFile; fileRef = F3192CC9218BB13000AA0C56 /* Main.storyboard */; };
		F3192CCD218BB13100AA0C56 /* Assets.xcassets in Resources */ = {isa = PBXBuildFile; fileRef = F3192CCC218BB13100AA0C56 /* Assets.xcassets */; };
		F3192CD0218BB13100AA0C56 /* LaunchScreen.storyboard in Resources */ = {isa = PBXBuildFile; fileRef = F3192CCE218BB13100AA0C56 /* LaunchScreen.storyboard */; };
		F3A97E00218D6D97009DA174 /* ExtentionsForViewController.swift in Sources */ = {isa = PBXBuildFile; fileRef = F3A97DFF218D6D97009DA174 /* ExtentionsForViewController.swift */; };
/* End PBXBuildFile section */

/* Begin PBXFileReference section */
		F3192CC2218BB13000AA0C56 /* Tip-calculator-Programmatic.app */ = {isa = PBXFileReference; explicitFileType = wrapper.application; includeInIndex = 0; path = "Tip-calculator-Programmatic.app"; sourceTree = BUILT_PRODUCTS_DIR; };
		F3192CC5218BB13000AA0C56 /* AppDelegate.swift */ = {isa = PBXFileReference; lastKnownFileType = sourcecode.swift; path = AppDelegate.swift; sourceTree = "<group>"; };
		F3192CC7218BB13000AA0C56 /* ViewController.swift */ = {isa = PBXFileReference; lastKnownFileType = sourcecode.swift; path = ViewController.swift; sourceTree = "<group>"; };
		F3192CCA218BB13000AA0C56 /* Base */ = {isa = PBXFileReference; lastKnownFileType = file.storyboard; name = Base; path = Base.lproj/Main.storyboard; sourceTree = "<group>"; };
		F3192CCC218BB13100AA0C56 /* Assets.xcassets */ = {isa = PBXFileReference; lastKnownFileType = folder.assetcatalog; path = Assets.xcassets; sourceTree = "<group>"; };
		F3192CCF218BB13100AA0C56 /* Base */ = {isa = PBXFileReference; lastKnownFileType = file.storyboard; name = Base; path = Base.lproj/LaunchScreen.storyboard; sourceTree = "<group>"; };
		F3192CD1218BB13100AA0C56 /* Info.plist */ = {isa = PBXFileReference; lastKnownFileType = text.plist.xml; path = Info.plist; sourceTree = "<group>"; };
		F3A97DFF218D6D97009DA174 /* ExtentionsForViewController.swift */ = {isa = PBXFileReference; lastKnownFileType = sourcecode.swift; path = ExtentionsForViewController.swift; sourceTree = "<group>"; };
/* End PBXFileReference section */

/* Begin PBXFrameworksBuildPhase section */
		F3192CBF218BB13000AA0C56 /* Frameworks */ = {
			isa = PBXFrameworksBuildPhase;
			buildActionMask = 2147483647;
			files = (
			);
			runOnlyForDeploymentPostprocessing = 0;
		};
/* End PBXFrameworksBuildPhase section */

/* Begin PBXGroup section */
		F3192CB9218BB13000AA0C56 = {
			isa = PBXGroup;
			children = (
				F3192CC4218BB13000AA0C56 /* Tip-calculator-Programmatic */,
				F3192CC3218BB13000AA0C56 /* Products */,
			);
			sourceTree = "<group>";
		};
		F3192CC3218BB13000AA0C56 /* Products */ = {
			isa = PBXGroup;
			children = (
				F3192CC2218BB13000AA0C56 /* Tip-calculator-Programmatic.app */,
			);
			name = Products;
			sourceTree = "<group>";
		};
		F3192CC4218BB13000AA0C56 /* Tip-calculator-Programmatic */ = {
			isa = PBXGroup;
			children = (
				F3192CC5218BB13000AA0C56 /* AppDelegate.swift */,
				F3192CC7218BB13000AA0C56 /* ViewController.swift */,
				F3A97DFF218D6D97009DA174 /* ExtentionsForViewController.swift */,
				F3192CC9218BB13000AA0C56 /* Main.storyboard */,
				F3192CCC218BB13100AA0C56 /* Assets.xcassets */,
				F3192CCE218BB13100AA0C56 /* LaunchScreen.storyboard */,
				F3192CD1218BB13100AA0C56 /* Info.plist */,
			);
			path = "Tip-calculator-Programmatic";
			sourceTree = "<group>";
		};
/* End PBXGroup section */

/* Begin PBXNativeTarget section */
		F3192CC1218BB13000AA0C56 /* Tip-calculator-Programmatic */ = {
			isa = PBXNativeTarget;
			buildConfigurationList = F3192CD4218BB13100AA0C56 /* Build configuration list for PBXNativeTarget "Tip-calculator-Programmatic" */;
			buildPhases = (
				F3192CBE218BB13000AA0C56 /* Sources */,
				F3192CBF218BB13000AA0C56 /* Frameworks */,
				F3192CC0218BB13000AA0C56 /* Resources */,
			);
			buildRules = (
			);
			dependencies = (
			);
			name = "Tip-calculator-Programmatic";
			productName = "Tip-calculator-Programmatic";
			productReference = F3192CC2218BB13000AA0C56 /* Tip-calculator-Programmatic.app */;
			productType = "com.apple.product-type.application";
		};
/* End PBXNativeTarget section */

/* Begin PBXProject section */
		F3192CBA218BB13000AA0C56 /* Project object */ = {
			isa = PBXProject;
			attributes = {
				LastSwiftUpdateCheck = 1000;
				LastUpgradeCheck = 1000;
				ORGANIZATIONNAME = "Timofey Makhlay";
				TargetAttributes = {
					F3192CC1218BB13000AA0C56 = {
						CreatedOnToolsVersion = 10.0;
					};
				};
			};
			buildConfigurationList = F3192CBD218BB13000AA0C56 /* Build configuration list for PBXProject "Tip-calculator-Programmatic" */;
			compatibilityVersion = "Xcode 9.3";
			developmentRegion = en;
			hasScannedForEncodings = 0;
			knownRegions = (
				en,
				Base,
			);
			mainGroup = F3192CB9218BB13000AA0C56;
			productRefGroup = F3192CC3218BB13000AA0C56 /* Products */;
			projectDirPath = "";
			projectRoot = "";
			targets = (
				F3192CC1218BB13000AA0C56 /* Tip-calculator-Programmatic */,
			);
		};
/* End PBXProject section */

/* Begin PBXResourcesBuildPhase section */
		F3192CC0218BB13000AA0C56 /* Resources */ = {
			isa = PBXResourcesBuildPhase;
			buildActionMask = 2147483647;
			files = (
				F3192CD0218BB13100AA0C56 /* LaunchScreen.storyboard in Resources */,
				F3192CCD218BB13100AA0C56 /* Assets.xcassets in Resources */,
				F3192CCB218BB13000AA0C56 /* Main.storyboard in Resources */,
			);
			runOnlyForDeploymentPostprocessing = 0;
		};
/* End PBXResourcesBuildPhase section */

/* Begin PBXSourcesBuildPhase section */
		F3192CBE218BB13000AA0C56 /* Sources */ = {
			isa = PBXSourcesBuildPhase;
			buildActionMask = 2147483647;
			files = (
				F3192CC8218BB13000AA0C56 /* ViewController.swift in Sources */,
				F3192CC6218BB13000AA0C56 /* AppDelegate.swift in Sources */,
				F3A97E00218D6D97009DA174 /* ExtentionsForViewController.swift in Sources */,
			);
			runOnlyForDeploymentPostprocessing = 0;
		};
/* End PBXSourcesBuildPhase section */

/* Begin PBXVariantGroup section */
		F3192CC9218BB13000AA0C56 /* Main.storyboard */ = {
			isa = PBXVariantGroup;
			children = (
				F3192CCA218BB13000AA0C56 /* Base */,
			);
			name = Main.storyboard;
			sourceTree = "<group>";
		};
		F3192CCE218BB13100AA0C56 /* LaunchScreen.storyboard */ = {
			isa = PBXVariantGroup;
			children = (
				F3192CCF218BB13100AA0C56 /* Base */,
			);
			name = LaunchScreen.storyboard;
			sourceTree = "<group>";
		};
/* End PBXVariantGroup section */

/* Begin XCBuildConfiguration section */
		F3192CD2218BB13100AA0C56 /* Debug */ = {
			isa = XCBuildConfiguration;
			buildSettings = {
				ALWAYS_SEARCH_USER_PATHS = NO;
				CLANG_ANALYZER_NONNULL = YES;
				CLANG_ANALYZER_NUMBER_OBJECT_CONVERSION = YES_AGGRESSIVE;
				CLANG_CXX_LANGUAGE_STANDARD = "gnu++14";
				CLANG_CXX_LIBRARY = "libc++";
				CLANG_ENABLE_MODULES = YES;
				CLANG_ENABLE_OBJC_ARC = YES;
				CLANG_ENABLE_OBJC_WEAK = YES;
				CLANG_WARN_BLOCK_CAPTURE_AUTORELEASING = YES;
				CLANG_WARN_BOOL_CONVERSION = YES;
				CLANG_WARN_COMMA = YES;
				CLANG_WARN_CONSTANT_CONVERSION = YES;
				CLANG_WARN_DEPRECATED_OBJC_IMPLEMENTATIONS = YES;
				CLANG_WARN_DIRECT_OBJC_ISA_USAGE = YES_ERROR;
				CLANG_WARN_DOCUMENTATION_COMMENTS = YES;
				CLANG_WARN_EMPTY_BODY = YES;
				CLANG_WARN_ENUM_CONVERSION = YES;
				CLANG_WARN_INFINITE_RECURSION = YES;
				CLANG_WARN_INT_CONVERSION = YES;
				CLANG_WARN_NON_LITERAL_NULL_CONVERSION = YES;
				CLANG_WARN_OBJC_IMPLICIT_RETAIN_SELF = YES;
				CLANG_WARN_OBJC_LITERAL_CONVERSION = YES;
				CLANG_WARN_OBJC_ROOT_CLASS = YES_ERROR;
				CLANG_WARN_RANGE_LOOP_ANALYSIS = YES;
				CLANG_WARN_STRICT_PROTOTYPES = YES;
				CLANG_WARN_SUSPICIOUS_MOVE = YES;
				CLANG_WARN_UNGUARDED_AVAILABILITY = YES_AGGRESSIVE;
				CLANG_WARN_UNREACHABLE_CODE = YES;
				CLANG_WARN__DUPLICATE_METHOD_MATCH = YES;
				CODE_SIGN_IDENTITY = "iPhone Developer";
				COPY_PHASE_STRIP = NO;
				DEBUG_INFORMATION_FORMAT = dwarf;
				ENABLE_STRICT_OBJC_MSGSEND = YES;
				ENABLE_TESTABILITY = YES;
				GCC_C_LANGUAGE_STANDARD = gnu11;
				GCC_DYNAMIC_NO_PIC = NO;
				GCC_NO_COMMON_BLOCKS = YES;
				GCC_OPTIMIZATION_LEVEL = 0;
				GCC_PREPROCESSOR_DEFINITIONS = (
					"DEBUG=1",
					"$(inherited)",
				);
				GCC_WARN_64_TO_32_BIT_CONVERSION = YES;
				GCC_WARN_ABOUT_RETURN_TYPE = YES_ERROR;
				GCC_WARN_UNDECLARED_SELECTOR = YES;
				GCC_WARN_UNINITIALIZED_AUTOS = YES_AGGRESSIVE;
				GCC_WARN_UNUSED_FUNCTION = YES;
				GCC_WARN_UNUSED_VARIABLE = YES;
				IPHONEOS_DEPLOYMENT_TARGET = 12.0;
				MTL_ENABLE_DEBUG_INFO = INCLUDE_SOURCE;
				MTL_FAST_MATH = YES;
				ONLY_ACTIVE_ARCH = YES;
				SDKROOT = iphoneos;
				SWIFT_ACTIVE_COMPILATION_CONDITIONS = DEBUG;
				SWIFT_OPTIMIZATION_LEVEL = "-Onone";
			};
			name = Debug;
		};
		F3192CD3218BB13100AA0C56 /* Release */ = {
			isa = XCBuildConfiguration;
			buildSettings = {
				ALWAYS_SEARCH_USER_PATHS = NO;
				CLANG_ANALYZER_NONNULL = YES;
				CLANG_ANALYZER_NUMBER_OBJECT_CONVERSION = YES_AGGRESSIVE;
				CLANG_CXX_LANGUAGE_STANDARD = "gnu++14";
				CLANG_CXX_LIBRARY = "libc++";
				CLANG_ENABLE_MODULES = YES;
				CLANG_ENABLE_OBJC_ARC = YES;
				CLANG_ENABLE_OBJC_WEAK = YES;
				CLANG_WARN_BLOCK_CAPTURE_AUTORELEASING = YES;
				CLANG_WARN_BOOL_CONVERSION = YES;
				CLANG_WARN_COMMA = YES;
				CLANG_WARN_CONSTANT_CONVERSION = YES;
				CLANG_WARN_DEPRECATED_OBJC_IMPLEMENTATIONS = YES;
				CLANG_WARN_DIRECT_OBJC_ISA_USAGE = YES_ERROR;
				CLANG_WARN_DOCUMENTATION_COMMENTS = YES;
				CLANG_WARN_EMPTY_BODY = YES;
				CLANG_WARN_ENUM_CONVERSION = YES;
				CLANG_WARN_INFINITE_RECURSION = YES;
				CLANG_WARN_INT_CONVERSION = YES;
				CLANG_WARN_NON_LITERAL_NULL_CONVERSION = YES;
				CLANG_WARN_OBJC_IMPLICIT_RETAIN_SELF = YES;
				CLANG_WARN_OBJC_LITERAL_CONVERSION = YES;
				CLANG_WARN_OBJC_ROOT_CLASS = YES_ERROR;
				CLANG_WARN_RANGE_LOOP_ANALYSIS = YES;
				CLANG_WARN_STRICT_PROTOTYPES = YES;
				CLANG_WARN_SUSPICIOUS_MOVE = YES;
				CLANG_WARN_UNGUARDED_AVAILABILITY = YES_AGGRESSIVE;
				CLANG_WARN_UNREACHABLE_CODE = YES;
				CLANG_WARN__DUPLICATE_METHOD_MATCH = YES;
				CODE_SIGN_IDENTITY = "iPhone Developer";
				COPY_PHASE_STRIP = NO;
				DEBUG_INFORMATION_FORMAT = "dwarf-with-dsym";
				ENABLE_NS_ASSERTIONS = NO;
				ENABLE_STRICT_OBJC_MSGSEND = YES;
				GCC_C_LANGUAGE_STANDARD = gnu11;
				GCC_NO_COMMON_BLOCKS = YES;
				GCC_WARN_64_TO_32_BIT_CONVERSION = YES;
				GCC_WARN_ABOUT_RETURN_TYPE = YES_ERROR;
				GCC_WARN_UNDECLARED_SELECTOR = YES;
				GCC_WARN_UNINITIALIZED_AUTOS = YES_AGGRESSIVE;
				GCC_WARN_UNUSED_FUNCTION = YES;
				GCC_WARN_UNUSED_VARIABLE = YES;
				IPHONEOS_DEPLOYMENT_TARGET = 12.0;
				MTL_ENABLE_DEBUG_INFO = NO;
				MTL_FAST_MATH = YES;
				SDKROOT = iphoneos;
				SWIFT_COMPILATION_MODE = wholemodule;
				SWIFT_OPTIMIZATION_LEVEL = "-O";
				VALIDATE_PRODUCT = YES;
			};
			name = Release;
		};
		F3192CD5218BB13100AA0C56 /* Debug */ = {
			isa = XCBuildConfiguration;
			buildSettings = {
				ASSETCATALOG_COMPILER_APPICON_NAME = AppIcon;
				CODE_SIGN_STYLE = Automatic;
				DEVELOPMENT_TEAM = SAZ2DLKCVY;
				INFOPLIST_FILE = "Tip-calculator-Programmatic/Info.plist";
				LD_RUNPATH_SEARCH_PATHS = (
					"$(inherited)",
					"@executable_path/Frameworks",
				);
				PRODUCT_BUNDLE_IDENTIFIER = "Timofey-Makhlay.Tip-calculator-Programmatic";
				PRODUCT_NAME = "$(TARGET_NAME)";
				SWIFT_VERSION = 4.2;
				TARGETED_DEVICE_FAMILY = "1,2";
			};
			name = Debug;
		};
		F3192CD6218BB13100AA0C56 /* Release */ = {
			isa = XCBuildConfiguration;
			buildSettings = {
				ASSETCATALOG_COMPILER_APPICON_NAME = AppIcon;
				CODE_SIGN_STYLE = Automatic;
				DEVELOPMENT_TEAM = SAZ2DLKCVY;
				INFOPLIST_FILE = "Tip-calculator-Programmatic/Info.plist";
				LD_RUNPATH_SEARCH_PATHS = (
					"$(inherited)",
					"@executable_path/Frameworks",
				);
				PRODUCT_BUNDLE_IDENTIFIER = "Timofey-Makhlay.Tip-calculator-Programmatic";
				PRODUCT_NAME = "$(TARGET_NAME)";
				SWIFT_VERSION = 4.2;
				TARGETED_DEVICE_FAMILY = "1,2";
			};
			name = Release;
		};
/* End XCBuildConfiguration section */

/* Begin XCConfigurationList section */
		F3192CBD218BB13000AA0C56 /* Build configuration list for PBXProject "Tip-calculator-Programmatic" */ = {
			isa = XCConfigurationList;
			buildConfigurations = (
				F3192CD2218BB13100AA0C56 /* Debug */,
				F3192CD3218BB13100AA0C56 /* Release */,
			);
			defaultConfigurationIsVisible = 0;
			defaultConfigurationName = Release;
		};
		F3192CD4218BB13100AA0C56 /* Build configuration list for PBXNativeTarget "Tip-calculator-Programmatic" */ = {
			isa = XCConfigurationList;
			buildConfigurations = (
				F3192CD5218BB13100AA0C56 /* Debug */,
				F3192CD6218BB13100AA0C56 /* Release */,
			);
			defaultConfigurationIsVisible = 0;
			defaultConfigurationName = Release;
		};
/* End XCConfigurationList section */
	};
	rootObject = F3192CBA218BB13000AA0C56 /* Project object */;
}
